{
  "version": 4,
  "terraform_version": "1.12.5",
  "serial": 9,
  "lineage": "45f61b51-6e8a-cfad-f80c-47600b7f7fa3",
  "outputs": {},
  "resources": [
    {
      "mode": "data",
      "type": "elementum_category",
      "name": "common",
      "provider": "provider[\"install.elementum.tools/elementum/elementum\"]",
      "instances": [
        {
          "schema_version": 0,
          "attributes": {
            "id": "083341d7-c461-4eef-b184-263a59960aa6",
            "name": "Common"
          },
          "sensitive_attributes": []
        }
      ]
    },
    {
      "mode": "data",
      "type": "elementum_cloudlink",
      "name": "elementum_snowflake",
      "provider": "provider[\"install.elementum.tools/elementum/elementum\"]",
      "instances": [
        {
          "schema_version": 0,
          "attributes": {
            "cache": true,
            "encrypt_cache": false,
            "id": "636f853b-7570-496f-9937-5ec2afb4b32c",
            "name": "Elementum Snowflake",
            "system": true,
            "type": "elementum_snowflake",
            "usage_type": "STANDARD",
            "valid": true
          },
          "sensitive_attributes": []
        }
      ]
    },
    {
      "mode": "managed",
      "type": "elementum_app",
      "name": "cir",
      "provider": "provider[\"install.elementum.tools/elementum/elementum\"]",
      "instances": [
        {
          "schema_version": 0,
          "attributes": {
            "category_id": "083341d7-c461-4eef-b184-263a59960aa6",
            "closed_at_field_id": "f5796901-d44f-482f-b296-be76a72eeada",
            "closed_by_field_id": "374faa08-2736-4082-9e2d-56701d78ad84",
            "cloud_link_id": "636f853b-7570-496f-9937-5ec2afb4b32c",
            "color": null,
            "comments_display_block_id": null,
            "comments_enabled": false,
            "created_at_field_id": "993c512c-096d-4b53-af66-a9fcb60e0e25",
            "created_by_field_id": "4e946a08-d14d-447a-96d7-4586a39ef5e2",
            "description": null,
            "handle": "CIR",
            "icon": null,
            "id": "c68a8a00-ff54-452b-9ed0-3333a444d308",
            "id_field_description": null,
            "id_field_id": "d1bf6187-0260-42c4-a499-82972cd01128",
            "id_field_name": "ID",
            "lock_stages": false,
            "name": "CIR_EDK",
            "namespace": "cir",
            "stage_field_id": "43912118-5033-4fcf-8dcc-9eaa0f564dbc",
            "stage_ids_by_key": {
              "stage_1": "dafbe7e0-1cbb-4552-8165-c2c86e6b6c20",
              "stage_2": "2ee7e39c-7be4-43f7-99df-9ec307c17496"
            },
            "stages": [
              {
                "id": "dafbe7e0-1cbb-4552-8165-c2c86e6b6c20",
                "key": "stage_1",
                "name": "Stage 1"
              },
              {
                "id": "2ee7e39c-7be4-43f7-99df-9ec307c17496",
                "key": "stage_2",
                "name": "Stage 2"
              }
            ],
            "status_field_description": null,
            "status_field_id": "d7a39035-5b1d-46e2-94f5-ee7e7ffa54ec",
            "status_field_name": "Status",
            "status_option_ids_by_label": {
              "Closed": "782a89ea-df74-4a70-8926-060f9af54644",
              "In Progress": "70929633-10aa-4067-9ba0-cb869bf9f5f3",
              "Open": "0175f501-b68d-472a-846a-9bcc1698bb76"
            },
            "status_options": [
              {
                "color": "#3B82F6",
                "id": "0175f501-b68d-472a-846a-9bcc1698bb76",
                "label": "Open",
                "tags": []
              },
              {
                "color": "#F59E0B",
                "id": "70929633-10aa-4067-9ba0-cb869bf9f5f3",
                "label": "In Progress",
                "tags": []
              },
              {
                "color": "#10B981",
                "id": "782a89ea-df74-4a70-8926-060f9af54644",
                "label": "Closed",
                "tags": [
                  "CLOSED"
                ]
              }
            ],
            "title_field_description": null,
            "title_field_id": "e7be7561-4156-4744-8e4f-114d82d696f4",
            "title_field_name": "Title",
            "updated_at_field_id": "5746ca3d-9957-4515-bf12-d2e97a25fe32",
            "updated_by_field_id": "261bfb95-f20f-4025-9084-0672960cc86b"
          },
          "sensitive_attributes": [],
          "dependencies": [
            "data.elementum_category.common",
            "data.elementum_cloudlink.elementum_snowflake"
          ]
        }
      ]
    },
    {
      "mode": "managed",
      "type": "elementum_boolean_field",
      "name": "apps_cir_cir_above_threshold",
      "provider": "provider[\"install.elementum.tools/elementum/elementum\"]",
      "instances": [
        {
          "schema_version": 0,
          "attributes": {
            "column_name": null,
            "default_value": null,
            "description": null,
            "field_role": null,
            "id": "1dc67ee7-e6ca-4b24-b1c5-809ce0d139bc",
            "lock_on_create": false,
            "name": "Above Threshold",
            "object_id": "c68a8a00-ff54-452b-9ed0-3333a444d308",
            "required": false,
            "required_on_close": false,
            "show_on_create": false
          },
          "sensitive_attributes": [],
          "dependencies": [
            "data.elementum_category.common",
            "data.elementum_cloudlink.elementum_snowflake",
            "elementum_app.cir"
          ]
        }
      ]
    },
    {
      "mode": "managed",
      "type": "elementum_boolean_field",
      "name": "apps_cir_cir_geo_scope_mismatch",
      "provider": "provider[\"install.elementum.tools/elementum/elementum\"]",
      "instances": [
        {
          "schema_version": 0,
          "attributes": {
            "column_name": null,
            "default_value": null,
            "description": null,
            "field_role": null,
            "id": "5c68db21-c80e-4d56-9b29-ad751f3aaa4a",
            "lock_on_create": false,
            "name": "Geo Scope Mismatch",
            "object_id": "c68a8a00-ff54-452b-9ed0-3333a444d308",
            "required": false,
            "required_on_close": false,
            "show_on_create": false
          },
          "sensitive_attributes": [],
          "dependencies": [
            "data.elementum_category.common",
            "data.elementum_cloudlink.elementum_snowflake",
            "elementum_app.cir"
          ]
        }
      ]
    },
    {
      "mode": "managed",
      "type": "elementum_boolean_field",
      "name": "apps_cir_cir_l3_flag",
      "provider": "provider[\"install.elementum.tools/elementum/elementum\"]",
      "instances": [
        {
          "schema_version": 0,
          "attributes": {
            "column_name": null,
            "default_value": null,
            "description": null,
            "field_role": null,
            "id": "2ec5266b-c178-47e4-bec0-f55d48c6408e",
            "lock_on_create": false,
            "name": "L3 Flag",
            "object_id": "c68a8a00-ff54-452b-9ed0-3333a444d308",
            "required": false,
            "required_on_close": false,
            "show_on_create": false
          },
          "sensitive_attributes": [],
          "dependencies": [
            "data.elementum_category.common",
            "data.elementum_cloudlink.elementum_snowflake",
            "elementum_app.cir"
          ]
        }
      ]
    },
    {
      "mode": "managed",
      "type": "elementum_boolean_field",
      "name": "apps_cir_cir_local_rule_applies",
      "provider": "provider[\"install.elementum.tools/elementum/elementum\"]",
      "instances": [
        {
          "schema_version": 0,
          "attributes": {
            "column_name": null,
            "default_value": null,
            "description": null,
            "field_role": null,
            "id": "7abec667-4576-4a4f-be86-f3684c028e05",
            "lock_on_create": false,
            "name": "Local Rule Applies",
            "object_id": "c68a8a00-ff54-452b-9ed0-3333a444d308",
            "required": false,
            "required_on_close": false,
            "show_on_create": false
          },
          "sensitive_attributes": [],
          "dependencies": [
            "data.elementum_category.common",
            "data.elementum_cloudlink.elementum_snowflake",
            "elementum_app.cir"
          ]
        }
      ]
    },
    {
      "mode": "managed",
      "type": "elementum_boolean_field",
      "name": "apps_cir_cir_provisional_routing",
      "provider": "provider[\"install.elementum.tools/elementum/elementum\"]",
      "instances": [
        {
          "schema_version": 0,
          "attributes": {
            "column_name": null,
            "default_value": null,
            "description": null,
            "field_role": null,
            "id": "8a9ae038-f990-4a1c-876d-e7dc11f6966c",
            "lock_on_create": false,
            "name": "Provisional Routing",
            "object_id": "c68a8a00-ff54-452b-9ed0-3333a444d308",
            "required": false,
            "required_on_close": false,
            "show_on_create": false
          },
          "sensitive_attributes": [],
          "dependencies": [
            "data.elementum_category.common",
            "data.elementum_cloudlink.elementum_snowflake",
            "elementum_app.cir"
          ]
        }
      ]
    },
    {
      "mode": "managed",
      "type": "elementum_boolean_field",
      "name": "apps_cir_cir_re_triage_requested",
      "provider": "provider[\"install.elementum.tools/elementum/elementum\"]",
      "instances": [
        {
          "schema_version": 0,
          "attributes": {
            "column_name": null,
            "default_value": null,
            "description": null,
            "field_role": null,
            "id": "e5df16af-2df4-4158-ae10-2372f8479187",
            "lock_on_create": false,
            "name": "Re-Triage Requested",
            "object_id": "c68a8a00-ff54-452b-9ed0-3333a444d308",
            "required": false,
            "required_on_close": false,
            "show_on_create": false
          },
          "sensitive_attributes": [],
          "dependencies": [
            "data.elementum_category.common",
            "data.elementum_cloudlink.elementum_snowflake",
            "elementum_app.cir"
          ]
        }
      ]
    },
    {
      "mode": "managed",
      "type": "elementum_boolean_field",
      "name": "apps_cir_cir_threshold_varies_by_country",
      "provider": "provider[\"install.elementum.tools/elementum/elementum\"]",
      "instances": [
        {
          "schema_version": 0,
          "attributes": {
            "column_name": null,
            "default_value": null,
            "description": null,
            "field_role": null,
            "id": "41851e15-2152-4640-86d1-8d2803e93a41",
            "lock_on_create": false,
            "name": "Threshold Varies By Country",
            "object_id": "c68a8a00-ff54-452b-9ed0-3333a444d308",
            "required": false,
            "required_on_close": false,
            "show_on_create": false
          },
          "sensitive_attributes": [],
          "dependencies": [
            "data.elementum_category.common",
            "data.elementum_cloudlink.elementum_snowflake",
            "elementum_app.cir"
          ]
        }
      ]
    },
    {
      "mode": "managed",
      "type": "elementum_date_field",
      "name": "apps_cir_cir_fx_rate_date",
      "provider": "provider[\"install.elementum.tools/elementum/elementum\"]",
      "instances": [
        {
          "schema_version": 0,
          "attributes": {
            "column_name": null,
            "default_value": null,
            "description": null,
            "field_role": null,
            "id": "db99bc59-a73c-48d0-94b4-19796c2b8b3f",
            "lock_on_create": false,
            "name": "FX Rate Date",
            "object_id": "c68a8a00-ff54-452b-9ed0-3333a444d308",
            "required": false,
            "required_on_close": false,
            "show_on_create": false
          },
          "sensitive_attributes": [],
          "dependencies": [
            "data.elementum_category.common",
            "data.elementum_cloudlink.elementum_snowflake",
            "elementum_app.cir"
          ]
        }
      ]
    },
    {
      "mode": "managed",
      "type": "elementum_datetime_field",
      "name": "apps_cir_cir_assigned_at",
      "provider": "provider[\"install.elementum.tools/elementum/elementum\"]",
      "instances": [
        {
          "schema_version": 0,
          "attributes": {
            "column_name": null,
            "default_value": null,
            "description": null,
            "field_role": null,
            "id": "e827de1f-0408-4e61-83f7-5255a4461c85",
            "lock_on_create": false,
            "name": "Assigned At",
            "object_id": "c68a8a00-ff54-452b-9ed0-3333a444d308",
            "required": false,
            "required_on_close": false,
            "show_on_create": false
          },
          "sensitive_attributes": [],
          "dependencies": [
            "data.elementum_category.common",
            "data.elementum_cloudlink.elementum_snowflake",
            "elementum_app.cir"
          ]
        }
      ]
    },
    {
      "mode": "managed",
      "type": "elementum_datetime_field",
      "name": "apps_cir_cir_l1_justification_verified_on",
      "provider": "provider[\"install.elementum.tools/elementum/elementum\"]",
      "instances": [
        {
          "schema_version": 0,
          "attributes": {
            "column_name": null,
            "default_value": null,
            "description": null,
            "field_role": null,
            "id": "dc06de9d-4025-437b-941e-71848be8a91e",
            "lock_on_create": false,
            "name": "L1 Justification Verified On",
            "object_id": "c68a8a00-ff54-452b-9ed0-3333a444d308",
            "required": false,
            "required_on_close": false,
            "show_on_create": false
          },
          "sensitive_attributes": [],
          "dependencies": [
            "data.elementum_category.common",
            "data.elementum_cloudlink.elementum_snowflake",
            "elementum_app.cir"
          ]
        }
      ]
    },
    {
      "mode": "managed",
      "type": "elementum_datetime_field",
      "name": "apps_cir_cir_specialist_first_touch_at",
      "provider": "provider[\"install.elementum.tools/elementum/elementum\"]",
      "instances": [
        {
          "schema_version": 0,
          "attributes": {
            "column_name": null,
            "default_value": null,
            "description": null,
            "field_role": null,
            "id": "94628b50-7c57-4262-ab14-75ee3baa9822",
            "lock_on_create": false,
            "name": "Specialist First Touch At",
            "object_id": "c68a8a00-ff54-452b-9ed0-3333a444d308",
            "required": false,
            "required_on_close": false,
            "show_on_create": false
          },
          "sensitive_attributes": [],
          "dependencies": [
            "data.elementum_category.common",
            "data.elementum_cloudlink.elementum_snowflake",
            "elementum_app.cir"
          ]
        }
      ]
    },
    {
      "mode": "managed",
      "type": "elementum_datetime_field",
      "name": "apps_cir_cir_submitted_at",
      "provider": "provider[\"install.elementum.tools/elementum/elementum\"]",
      "instances": [
        {
          "schema_version": 0,
          "attributes": {
            "column_name": null,
            "default_value": null,
            "description": null,
            "field_role": null,
            "id": "11d63774-3fad-479f-bfeb-17091b96cc0b",
            "lock_on_create": false,
            "name": "Submitted At",
            "object_id": "c68a8a00-ff54-452b-9ed0-3333a444d308",
            "required": false,
            "required_on_close": false,
            "show_on_create": false
          },
          "sensitive_attributes": [],
          "dependencies": [
            "data.elementum_category.common",
            "data.elementum_cloudlink.elementum_snowflake",
            "elementum_app.cir"
          ]
        }
      ]
    },
    {
      "mode": "managed",
      "type": "elementum_datetime_field",
      "name": "apps_cir_cir_triage_completed_at",
      "provider": "provider[\"install.elementum.tools/elementum/elementum\"]",
      "instances": [
        {
          "schema_version": 0,
          "attributes": {
            "column_name": null,
            "default_value": null,
            "description": null,
            "field_role": null,
            "id": "146d78dc-09f1-4e4f-a851-2fa98218ef4d",
            "lock_on_create": false,
            "name": "Triage Completed At",
            "object_id": "c68a8a00-ff54-452b-9ed0-3333a444d308",
            "required": false,
            "required_on_close": false,
            "show_on_create": false
          },
          "sensitive_attributes": [],
          "dependencies": [
            "data.elementum_category.common",
            "data.elementum_cloudlink.elementum_snowflake",
            "elementum_app.cir"
          ]
        }
      ]
    },
    {
      "mode": "managed",
      "type": "elementum_decimal_field",
      "name": "apps_cir_cir_fx_rate_applied",
      "provider": "provider[\"install.elementum.tools/elementum/elementum\"]",
      "instances": [
        {
          "schema_version": 0,
          "attributes": {
            "column_name": null,
            "currency": null,
            "decimal_places": null,
            "default_value": null,
            "delimiter": null,
            "description": null,
            "field_role": null,
            "id": "f99d49f2-7b79-47ef-a4a6-47a1da0b3c5d",
            "lock_on_create": false,
            "name": "FX Rate Applied",
            "object_id": "c68a8a00-ff54-452b-9ed0-3333a444d308",
            "percentage": null,
            "required": false,
            "required_on_close": false,
            "show_on_create": false
          },
          "sensitive_attributes": [],
          "dependencies": [
            "data.elementum_category.common",
            "data.elementum_cloudlink.elementum_snowflake",
            "elementum_app.cir"
          ]
        }
      ]
    },
    {
      "mode": "managed",
      "type": "elementum_decimal_field",
      "name": "apps_cir_cir_max_spend",
      "provider": "provider[\"install.elementum.tools/elementum/elementum\"]",
      "instances": [
        {
          "schema_version": 0,
          "attributes": {
            "column_name": null,
            "currency": null,
            "decimal_places": null,
            "default_value": null,
            "delimiter": null,
            "description": null,
            "field_role": null,
            "id": "20dbe4af-a2be-4977-be16-1872a3a31be1",
            "lock_on_create": false,
            "name": "Max spend",
            "object_id": "c68a8a00-ff54-452b-9ed0-3333a444d308",
            "percentage": null,
            "required": false,
            "required_on_close": false,
            "show_on_create": false
          },
          "sensitive_attributes": [],
          "dependencies": [
            "data.elementum_category.common",
            "data.elementum_cloudlink.elementum_snowflake",
            "elementum_app.cir"
          ]
        }
      ]
    },
    {
      "mode": "managed",
      "type": "elementum_decimal_field",
      "name": "apps_cir_cir_max_spend_eur",
      "provider": "provider[\"install.elementum.tools/elementum/elementum\"]",
      "instances": [
        {
          "schema_version": 0,
          "attributes": {
            "column_name": null,
            "currency": null,
            "decimal_places": null,
            "default_value": null,
            "delimiter": null,
            "description": null,
            "field_role": null,
            "id": "22996691-7024-46c2-9231-846f2299ea93",
            "lock_on_create": false,
            "name": "Max Spend EUR",
            "object_id": "c68a8a00-ff54-452b-9ed0-3333a444d308",
            "percentage": null,
            "required": false,
            "required_on_close": false,
            "show_on_create": false
          },
          "sensitive_attributes": [],
          "dependencies": [
            "data.elementum_category.common",
            "data.elementum_cloudlink.elementum_snowflake",
            "elementum_app.cir"
          ]
        }
      ]
    },
    {
      "mode": "managed",
      "type": "elementum_decimal_field",
      "name": "apps_cir_cir_threshold_eur_applied",
      "provider": "provider[\"install.elementum.tools/elementum/elementum\"]",
      "instances": [
        {
          "schema_version": 0,
          "attributes": {
            "column_name": null,
            "currency": null,
            "decimal_places": null,
            "default_value": null,
            "delimiter": null,
            "description": null,
            "field_role": null,
            "id": "66799a43-77f5-44b0-adac-ae7734089935",
            "lock_on_create": false,
            "name": "Threshold EUR Applied",
            "object_id": "c68a8a00-ff54-452b-9ed0-3333a444d308",
            "percentage": null,
            "required": false,
            "required_on_close": false,
            "show_on_create": false
          },
          "sensitive_attributes": [],
          "dependencies": [
            "data.elementum_category.common",
            "data.elementum_cloudlink.elementum_snowflake",
            "elementum_app.cir"
          ]
        }
      ]
    },
    {
      "mode": "managed",
      "type": "elementum_dropdown_field",
      "name": "apps_cir_cir_contract_classification",
      "provider": "provider[\"install.elementum.tools/elementum/elementum\"]",
      "instances": [
        {
          "schema_version": 0,
          "attributes": {
            "column_name": null,
            "description": null,
            "dynamic_config": null,
            "field_role": null,
            "id": "1b7dc348-ffd8-4c85-a9e1-2905ea3bde38",
            "lock_on_create": false,
            "name": "Contract Classification",
            "object_id": "c68a8a00-ff54-452b-9ed0-3333a444d308",
            "options": [
              {
                "active": true,
                "color": null,
                "id": "5dd52df4-97d1-4091-9994-f6abbad6f4a1",
                "label": "Buy-side"
              },
              {
                "active": true,
                "color": null,
                "id": "80497b7f-95f8-4ba7-8626-23f3fc248371",
                "label": "Sell-side"
              },
              {
                "active": true,
                "color": null,
                "id": "48fbe634-e38e-47d3-8e95-665d0398191a",
                "label": "Confidentiality"
              },
              {
                "active": true,
                "color": null,
                "id": "1f7f15a6-0299-428c-9f6b-b6325f85797b",
                "label": "Partnership"
              },
              {
                "active": true,
                "color": null,
                "id": "57aa2454-c8b5-4892-a86f-162be6433986",
                "label": "Others"
              }
            ],
            "required": false,
            "required_on_close": false,
            "show_on_create": false
          },
          "sensitive_attributes": [],
          "dependencies": [
            "data.elementum_category.common",
            "data.elementum_cloudlink.elementum_snowflake",
            "elementum_app.cir"
          ]
        }
      ]
    },
    {
      "mode": "managed",
      "type": "elementum_dropdown_field",
      "name": "apps_cir_cir_contract_language",
      "provider": "provider[\"install.elementum.tools/elementum/elementum\"]",
      "instances": [
        {
          "schema_version": 0,
          "attributes": {
            "column_name": null,
            "description": null,
            "dynamic_config": null,
            "field_role": null,
            "id": "16a723c1-c0a0-4ea8-a66b-26bcfe356c21",
            "lock_on_create": false,
            "name": "Contract language",
            "object_id": "c68a8a00-ff54-452b-9ed0-3333a444d308",
            "options": [
              {
                "active": true,
                "color": null,
                "id": "4bcdb5ec-8fed-448a-aacb-cf18f131eff3",
                "label": "English"
              },
              {
                "active": true,
                "color": null,
                "id": "f113484c-8288-4a2d-87c7-c13a905dd240",
                "label": "French"
              }
            ],
            "required": false,
            "required_on_close": false,
            "show_on_create": false
          },
          "sensitive_attributes": [],
          "dependencies": [
            "data.elementum_category.common",
            "data.elementum_cloudlink.elementum_snowflake",
            "elementum_app.cir"
          ]
        }
      ]
    },
    {
      "mode": "managed",
      "type": "elementum_dropdown_field",
      "name": "apps_cir_cir_intake_outcome",
      "provider": "provider[\"install.elementum.tools/elementum/elementum\"]",
      "instances": [
        {
          "schema_version": 0,
          "attributes": {
            "column_name": null,
            "description": null,
            "dynamic_config": null,
            "field_role": null,
            "id": "e1910d5c-0a1d-4baa-940d-5445bf98da12",
            "lock_on_create": false,
            "name": "Intake Outcome",
            "object_id": "c68a8a00-ff54-452b-9ed0-3333a444d308",
            "options": [
              {
                "active": true,
                "color": null,
                "id": "66eab34b-1cdc-47bf-9dc2-0bef44bbc3b5",
                "label": "new_contract"
              },
              {
                "active": true,
                "color": null,
                "id": "5c20c08c-3cbd-4be1-b2b6-d084865c7f92",
                "label": "pr_route"
              },
              {
                "active": true,
                "color": null,
                "id": "4804f70a-ac25-4ddc-9eb5-ed4113900c05",
                "label": "existing_contract"
              },
              {
                "active": true,
                "color": null,
                "id": "6e937420-cc56-4378-aff7-a2c0eecb2892",
                "label": "no_contract_needed"
              },
              {
                "active": true,
                "color": null,
                "id": "15ca7553-cbd8-4af5-b5b3-5c0c33f69cd1",
                "label": "internal_expert_referral"
              },
              {
                "active": true,
                "color": null,
                "id": "6a9f8964-e695-42ef-a916-08a68778a5ff",
                "label": "amendment"
              },
              {
                "active": true,
                "color": null,
                "id": "bc4485f4-b609-4f4f-9293-d3539054688c",
                "label": "manual_triage"
              }
            ],
            "required": false,
            "required_on_close": false,
            "show_on_create": false
          },
          "sensitive_attributes": [],
          "dependencies": [
            "data.elementum_category.common",
            "data.elementum_cloudlink.elementum_snowflake",
            "elementum_app.cir"
          ]
        }
      ]
    },
    {
      "mode": "managed",
      "type": "elementum_dropdown_field",
      "name": "apps_cir_cir_l1_justification_verdict",
      "provider": "provider[\"install.elementum.tools/elementum/elementum\"]",
      "instances": [
        {
          "schema_version": 0,
          "attributes": {
            "column_name": null,
            "description": null,
            "dynamic_config": null,
            "field_role": null,
            "id": "61d5ea05-98fd-4b23-a4c7-ecdaa3b64654",
            "lock_on_create": false,
            "name": "L1 Justification Verdict",
            "object_id": "c68a8a00-ff54-452b-9ed0-3333a444d308",
            "options": [
              {
                "active": true,
                "color": null,
                "id": "c79231d1-bfb5-4ce6-abd0-8d60b8a35b3b",
                "label": "Pending"
              },
              {
                "active": true,
                "color": null,
                "id": "053663cc-bd1e-4be2-ad98-13c414aa9253",
                "label": "Accepted"
              },
              {
                "active": true,
                "color": null,
                "id": "3586cb51-9bf5-444d-9ba7-caf937692ede",
                "label": "Rejected"
              }
            ],
            "required": false,
            "required_on_close": false,
            "show_on_create": false
          },
          "sensitive_attributes": [],
          "dependencies": [
            "data.elementum_category.common",
            "data.elementum_cloudlink.elementum_snowflake",
            "elementum_app.cir"
          ]
        }
      ]
    },
    {
      "mode": "managed",
      "type": "elementum_dropdown_field",
      "name": "apps_cir_cir_policy_level_source",
      "provider": "provider[\"install.elementum.tools/elementum/elementum\"]",
      "instances": [
        {
          "schema_version": 0,
          "attributes": {
            "column_name": null,
            "description": null,
            "dynamic_config": null,
            "field_role": null,
            "id": "a5b51c23-0b9c-4883-8886-3ca03b8ae4a7",
            "lock_on_create": false,
            "name": "Policy Level Source",
            "object_id": "c68a8a00-ff54-452b-9ed0-3333a444d308",
            "options": [
              {
                "active": true,
                "color": null,
                "id": "a50b99cf-969c-42da-9a78-653021eddd1d",
                "label": "risk_matrix"
              },
              {
                "active": true,
                "color": null,
                "id": "06050f54-1ded-40f9-b4dc-14380a07ba90",
                "label": "rule_cda"
              },
              {
                "active": true,
                "color": null,
                "id": "b1e8de21-3a68-4eee-9716-79f72383a163",
                "label": "appendix2"
              },
              {
                "active": true,
                "color": null,
                "id": "d5d27881-0cdd-4ab4-87c6-cc2deddb5f01",
                "label": "requester_selected"
              },
              {
                "active": true,
                "color": null,
                "id": "858470f1-7cbf-47ae-ad01-79bc6f82eee7",
                "label": "manual_triage"
              },
              {
                "active": true,
                "color": null,
                "id": "e490ce33-a2cb-43b6-be40-01e515d3363a",
                "label": "specialist_override"
              }
            ],
            "required": false,
            "required_on_close": false,
            "show_on_create": false
          },
          "sensitive_attributes": [],
          "dependencies": [
            "data.elementum_category.common",
            "data.elementum_cloudlink.elementum_snowflake",
            "elementum_app.cir"
          ]
        }
      ]
    },
    {
      "mode": "managed",
      "type": "elementum_dropdown_field",
      "name": "elements_contracttypes_contracttypes_contract_side_family",
      "provider": "provider[\"install.elementum.tools/elementum/elementum\"]",
      "instances": [
        {
          "schema_version": 0,
          "attributes": {
            "column_name": null,
            "description": null,
            "dynamic_config": null,
            "field_role": null,
            "id": "fa8b2aa1-c515-4157-8d01-4d8d288eee4f",
            "lock_on_create": false,
            "name": "Contract Side / Family",
            "object_id": "0dbe2374-d609-45cb-b459-325db4b00449",
            "options": [
              {
                "active": true,
                "color": null,
                "id": "35b6dd45-b062-4a0b-8548-cce9d5201097",
                "label": "Buy-side"
              },
              {
                "active": true,
                "color": null,
                "id": "4ec4d13e-4408-4f4a-a9d9-af4785cb1146",
                "label": "Sell-side"
              },
              {
                "active": true,
                "color": null,
                "id": "e5872b33-9b24-4baf-bdd8-3ed1b64a5b50",
                "label": "Confidentiality"
              },
              {
                "active": true,
                "color": null,
                "id": "87aedbf6-2e45-4190-882b-14942493637a",
                "label": "Partnership"
              },
              {
                "active": true,
                "color": null,
                "id": "3f681f25-be60-48a8-9363-dc2d10fb35fc",
                "label": "Others"
              }
            ],
            "required": false,
            "required_on_close": false,
            "show_on_create": false
          },
          "sensitive_attributes": [],
          "dependencies": [
            "data.elementum_category.common",
            "data.elementum_cloudlink.elementum_snowflake",
            "elementum_element.contracttypes"
          ]
        }
      ]
    },
    {
      "mode": "managed",
      "type": "elementum_element",
      "name": "contracttypes",
      "provider": "provider[\"install.elementum.tools/elementum/elementum\"]",
      "instances": [
        {
          "schema_version": 0,
          "attributes": {
            "category_id": "083341d7-c461-4eef-b184-263a59960aa6",
            "cloud_link_id": "636f853b-7570-496f-9937-5ec2afb4b32c",
            "cloud_mapping_bigquery_dataset": null,
            "cloud_mapping_bigquery_table": null,
            "cloud_mapping_databricks_database": null,
            "cloud_mapping_databricks_schema": null,
            "cloud_mapping_databricks_table": null,
            "cloud_mapping_snowflake_database": null,
            "cloud_mapping_snowflake_schema": null,
            "cloud_mapping_snowflake_table": null,
            "color": null,
            "comments_display_block_id": null,
            "comments_enabled": false,
            "description": null,
            "handle": "CONTYP",
            "icon": null,
            "id": "0dbe2374-d609-45cb-b459-325db4b00449",
            "id_column_name": null,
            "id_field_description": null,
            "id_field_id": "a0e1021b-cb0c-46ec-8be8-324de42ada3f",
            "id_field_name": "ID",
            "name": "Contract Types",
            "namespace": "contracttypes",
            "snowflake_hybrid_table": null,
            "title_column_name": null,
            "title_field_description": null,
            "title_field_id": "0f34d17e-3b6c-45bc-978b-bc6f77ad57d8",
            "title_field_name": "Title"
          },
          "sensitive_attributes": [],
          "dependencies": [
            "data.elementum_category.common",
            "data.elementum_cloudlink.elementum_snowflake"
          ]
        }
      ]
    },
    {
      "mode": "managed",
      "type": "elementum_group_field",
      "name": "apps_cir_cir_assignment_group",
      "provider": "provider[\"install.elementum.tools/elementum/elementum\"]",
      "instances": [
        {
          "schema_version": 0,
          "attributes": {
            "column_name": null,
            "default_value": null,
            "description": null,
            "field_role": null,
            "id": "3dc2bc0a-2dca-405d-aab3-89c80c046524",
            "lock_on_create": false,
            "name": "Assignment Group",
            "object_id": "c68a8a00-ff54-452b-9ed0-3333a444d308",
            "required": false,
            "required_on_close": false,
            "show_on_create": false
          },
          "sensitive_attributes": [],
          "dependencies": [
            "data.elementum_category.common",
            "data.elementum_cloudlink.elementum_snowflake",
            "elementum_app.cir"
          ]
        }
      ]
    },
    {
      "mode": "managed",
      "type": "elementum_layout",
      "name": "apps_cir_cir_stage_1",
      "provider": "provider[\"install.elementum.tools/elementum/elementum\"]",
      "instances": [
        {
          "schema_version": 0,
          "attributes": {
            "id": "dafbe7e0-1cbb-4552-8165-c2c86e6b6c20",
            "object_id": "c68a8a00-ff54-452b-9ed0-3333a444d308",
            "sections": [
              {
                "agent_id": null,
                "color": "#6B7280",
                "display_location": "CENTER",
                "display_order": 0,
                "field_ids": [
                  "0b823f5c-fc75-4350-9777-c8683c041477",
                  "f699031d-1185-4f50-968a-c314bf97f099",
                  "48782ea0-e78d-473b-8e34-f673b0f35d4c",
                  "1b7dc348-ffd8-4c85-a9e1-2905ea3bde38",
                  "16a723c1-c0a0-4ea8-a66b-26bcfe356c21",
                  "3f672cce-e79e-474b-96b8-a39b262ac24d",
                  "20dbe4af-a2be-4977-be16-1872a3a31be1",
                  "22996691-7024-46c2-9231-846f2299ea93"
                ],
                "icon": "folder",
                "max_columns": 2,
                "modules": null,
                "name": "Contract Details",
                "side_nav_item": false,
                "type": "group"
              },
              {
                "agent_id": null,
                "color": "#6B7280",
                "display_location": "CENTER",
                "display_order": 1,
                "field_ids": [
                  "1a582bc6-1f49-45f8-8f8f-95e9a6963e1e",
                  "9978292e-b460-4cbc-987b-c66a934f2ccf"
                ],
                "icon": "folder",
                "max_columns": 1,
                "modules": null,
                "name": "Agent Conversation",
                "side_nav_item": false,
                "type": "group"
              },
              {
                "agent_id": null,
                "color": "#6B7280",
                "display_location": "CENTER",
                "display_order": 2,
                "field_ids": [
                  "a5b51c23-0b9c-4883-8886-3ca03b8ae4a7",
                  "7b5ea01e-3e55-4254-bda8-8fb58ee7e8e3",
                  "2ec5266b-c178-47e4-bec0-f55d48c6408e"
                ],
                "icon": "folder",
                "max_columns": 2,
                "modules": null,
                "name": "Policy \u0026 Risk Classification",
                "side_nav_item": false,
                "type": "group"
              },
              {
                "agent_id": null,
                "color": "#6B7280",
                "display_location": "CENTER",
                "display_order": 3,
                "field_ids": [
                  "6511ad43-00a0-4c5d-a3aa-d33475fd577d",
                  "6934b076-ce14-4831-b4a1-326118b44469",
                  "22781ed8-dba2-419f-906f-c8cc5843fef9",
                  "66799a43-77f5-44b0-adac-ae7734089935",
                  "41851e15-2152-4640-86d1-8d2803e93a41",
                  "f99d49f2-7b79-47ef-a4a6-47a1da0b3c5d",
                  "db99bc59-a73c-48d0-94b4-19796c2b8b3f",
                  "8a9ae038-f990-4a1c-876d-e7dc11f6966c",
                  "5c68db21-c80e-4d56-9b29-ad751f3aaa4a",
                  "655192df-0b38-4fb1-b38d-bf76d682ed12",
                  "1c66f86c-6c77-4e0b-b0d6-59858817e42f",
                  "7abec667-4576-4a4f-be86-f3684c028e05",
                  "e5df16af-2df4-4158-ae10-2372f8479187"
                ],
                "icon": "folder",
                "max_columns": 2,
                "modules": null,
                "name": "Triage \u0026 Routing",
                "side_nav_item": false,
                "type": "group"
              },
              {
                "agent_id": null,
                "color": "#6B7280",
                "display_location": "CENTER",
                "display_order": 4,
                "field_ids": [
                  "6b4ae149-ef86-409c-9920-4a9232f1ba11",
                  "61d5ea05-98fd-4b23-a4c7-ecdaa3b64654",
                  "6fafc70c-5e7d-421b-bf70-ad91756f461c",
                  "dc06de9d-4025-437b-941e-71848be8a91e"
                ],
                "icon": "folder",
                "max_columns": 2,
                "modules": null,
                "name": "L1 Justification",
                "side_nav_item": false,
                "type": "group"
              },
              {
                "agent_id": null,
                "color": "#6B7280",
                "display_location": "CENTER",
                "display_order": 5,
                "field_ids": [
                  "e1910d5c-0a1d-4baa-940d-5445bf98da12",
                  "1dc67ee7-e6ca-4b24-b1c5-809ce0d139bc",
                  "3dc2bc0a-2dca-405d-aab3-89c80c046524",
                  "fc8b01b3-d0e1-4f45-9bc7-6e70d7301e2c"
                ],
                "icon": "folder",
                "max_columns": 2,
                "modules": null,
                "name": "Outcome \u0026 Assignment",
                "side_nav_item": false,
                "type": "group"
              },
              {
                "agent_id": null,
                "color": "#6B7280",
                "display_location": "CENTER",
                "display_order": 6,
                "field_ids": [
                  "11d63774-3fad-479f-bfeb-17091b96cc0b",
                  "146d78dc-09f1-4e4f-a851-2fa98218ef4d",
                  "e827de1f-0408-4e61-83f7-5255a4461c85",
                  "94628b50-7c57-4262-ab14-75ee3baa9822"
                ],
                "icon": "folder",
                "max_columns": 2,
                "modules": null,
                "name": "Timeline",
                "side_nav_item": false,
                "type": "group"
              }
            ],
            "stage_id": "dafbe7e0-1cbb-4552-8165-c2c86e6b6c20"
          },
          "sensitive_attributes": [],
          "dependencies": [
            "data.elementum_category.common",
            "data.elementum_cloudlink.elementum_snowflake",
            "elementum_app.cir",
            "elementum_boolean_field.apps_cir_cir_above_threshold",
            "elementum_boolean_field.apps_cir_cir_geo_scope_mismatch",
            "elementum_boolean_field.apps_cir_cir_l3_flag",
            "elementum_boolean_field.apps_cir_cir_local_rule_applies",
            "elementum_boolean_field.apps_cir_cir_provisional_routing",
            "elementum_boolean_field.apps_cir_cir_re_triage_requested",
            "elementum_boolean_field.apps_cir_cir_threshold_varies_by_country",
            "elementum_date_field.apps_cir_cir_fx_rate_date",
            "elementum_datetime_field.apps_cir_cir_assigned_at",
            "elementum_datetime_field.apps_cir_cir_l1_justification_verified_on",
            "elementum_datetime_field.apps_cir_cir_specialist_first_touch_at",
            "elementum_datetime_field.apps_cir_cir_submitted_at",
            "elementum_datetime_field.apps_cir_cir_triage_completed_at",
            "elementum_decimal_field.apps_cir_cir_fx_rate_applied",
            "elementum_decimal_field.apps_cir_cir_max_spend",
            "elementum_decimal_field.apps_cir_cir_max_spend_eur",
            "elementum_decimal_field.apps_cir_cir_threshold_eur_applied",
            "elementum_dropdown_field.apps_cir_cir_contract_classification",
            "elementum_dropdown_field.apps_cir_cir_contract_language",
            "elementum_dropdown_field.apps_cir_cir_intake_outcome",
            "elementum_dropdown_field.apps_cir_cir_l1_justification_verdict",
            "elementum_dropdown_field.apps_cir_cir_policy_level_source",
            "elementum_group_field.apps_cir_cir_assignment_group",
            "elementum_text_field.apps_cir_cir_contract_name",
            "elementum_text_field.apps_cir_cir_contract_summary",
            "elementum_text_field.apps_cir_cir_l1_contract_justification",
            "elementum_text_field.apps_cir_cir_match_level",
            "elementum_text_field.apps_cir_cir_risk_matrix_version",
            "elementum_text_field.apps_cir_cir_routing_country",
            "elementum_text_field.apps_cir_cir_routing_match",
            "elementum_text_field.apps_cir_cir_signatory_emails",
            "elementum_text_field.apps_cir_cir_supplier",
            "elementum_text_field.apps_cir_cir_threshold_source_country",
            "elementum_text_field.apps_cir_cir_transcript",
            "elementum_text_field.apps_cir_cir_triage_rationale",
            "elementum_user_field.apps_cir_cir_assignee",
            "elementum_user_field.apps_cir_cir_l1_justification_verified_by",
            "elementum_user_field.apps_cir_cir_requester"
          ]
        }
      ]
    },
    {
      "mode": "managed",
      "type": "elementum_text_field",
      "name": "apps_cir_cir_contract_name",
      "provider": "provider[\"install.elementum.tools/elementum/elementum\"]",
      "instances": [
        {
          "schema_version": 0,
          "attributes": {
            "column_name": null,
            "default_value": null,
            "description": null,
            "field_role": null,
            "id": "0b823f5c-fc75-4350-9777-c8683c041477",
            "lock_on_create": false,
            "name": "Contract name",
            "object_id": "c68a8a00-ff54-452b-9ed0-3333a444d308",
            "required": true,
            "required_on_close": false,
            "show_on_create": false
          },
          "sensitive_attributes": [],
          "dependencies": [
            "data.elementum_category.common",
            "data.elementum_cloudlink.elementum_snowflake",
            "elementum_app.cir"
          ]
        }
      ]
    },
    {
      "mode": "managed",
      "type": "elementum_text_field",
      "name": "apps_cir_cir_contract_summary",
      "provider": "provider[\"install.elementum.tools/elementum/elementum\"]",
      "instances": [
        {
          "schema_version": 0,
          "attributes": {
            "column_name": null,
            "default_value": null,
            "description": null,
            "field_role": null,
            "id": "9978292e-b460-4cbc-987b-c66a934f2ccf",
            "lock_on_create": false,
            "name": "Contract Summary",
            "object_id": "c68a8a00-ff54-452b-9ed0-3333a444d308",
            "required": false,
            "required_on_close": false,
            "show_on_create": false
          },
          "sensitive_attributes": [],
          "dependencies": [
            "data.elementum_category.common",
            "data.elementum_cloudlink.elementum_snowflake",
            "elementum_app.cir"
          ]
        }
      ]
    },
    {
      "mode": "managed",
      "type": "elementum_text_field",
      "name": "apps_cir_cir_l1_contract_justification",
      "provider": "provider[\"install.elementum.tools/elementum/elementum\"]",
      "instances": [
        {
          "schema_version": 0,
          "attributes": {
            "column_name": null,
            "default_value": null,
            "description": null,
            "field_role": null,
            "id": "6b4ae149-ef86-409c-9920-4a9232f1ba11",
            "lock_on_create": false,
            "name": "L1 Contract Justification",
            "object_id": "c68a8a00-ff54-452b-9ed0-3333a444d308",
            "required": false,
            "required_on_close": false,
            "show_on_create": false
          },
          "sensitive_attributes": [],
          "dependencies": [
            "data.elementum_category.common",
            "data.elementum_cloudlink.elementum_snowflake",
            "elementum_app.cir"
          ]
        }
      ]
    },
    {
      "mode": "managed",
      "type": "elementum_text_field",
      "name": "apps_cir_cir_match_level",
      "provider": "provider[\"install.elementum.tools/elementum/elementum\"]",
      "instances": [
        {
          "schema_version": 0,
          "attributes": {
            "column_name": null,
            "default_value": null,
            "description": null,
            "field_role": null,
            "id": "655192df-0b38-4fb1-b38d-bf76d682ed12",
            "lock_on_create": false,
            "name": "Match Level",
            "object_id": "c68a8a00-ff54-452b-9ed0-3333a444d308",
            "required": false,
            "required_on_close": false,
            "show_on_create": false
          },
          "sensitive_attributes": [],
          "dependencies": [
            "data.elementum_category.common",
            "data.elementum_cloudlink.elementum_snowflake",
            "elementum_app.cir"
          ]
        }
      ]
    },
    {
      "mode": "managed",
      "type": "elementum_text_field",
      "name": "apps_cir_cir_risk_matrix_version",
      "provider": "provider[\"install.elementum.tools/elementum/elementum\"]",
      "instances": [
        {
          "schema_version": 0,
          "attributes": {
            "column_name": null,
            "default_value": null,
            "description": null,
            "field_role": null,
            "id": "7b5ea01e-3e55-4254-bda8-8fb58ee7e8e3",
            "lock_on_create": false,
            "name": "Risk Matrix Version",
            "object_id": "c68a8a00-ff54-452b-9ed0-3333a444d308",
            "required": false,
            "required_on_close": false,
            "show_on_create": false
          },
          "sensitive_attributes": [],
          "dependencies": [
            "data.elementum_category.common",
            "data.elementum_cloudlink.elementum_snowflake",
            "elementum_app.cir"
          ]
        }
      ]
    },
    {
      "mode": "managed",
      "type": "elementum_text_field",
      "name": "apps_cir_cir_routing_country",
      "provider": "provider[\"install.elementum.tools/elementum/elementum\"]",
      "instances": [
        {
          "schema_version": 0,
          "attributes": {
            "column_name": null,
            "default_value": null,
            "description": null,
            "field_role": null,
            "id": "6934b076-ce14-4831-b4a1-326118b44469",
            "lock_on_create": false,
            "name": "Routing Country",
            "object_id": "c68a8a00-ff54-452b-9ed0-3333a444d308",
            "required": false,
            "required_on_close": false,
            "show_on_create": false
          },
          "sensitive_attributes": [],
          "dependencies": [
            "data.elementum_category.common",
            "data.elementum_cloudlink.elementum_snowflake",
            "elementum_app.cir"
          ]
        }
      ]
    },
    {
      "mode": "managed",
      "type": "elementum_text_field",
      "name": "apps_cir_cir_routing_match",
      "provider": "provider[\"install.elementum.tools/elementum/elementum\"]",
      "instances": [
        {
          "schema_version": 0,
          "attributes": {
            "column_name": null,
            "default_value": null,
            "description": null,
            "field_role": null,
            "id": "1c66f86c-6c77-4e0b-b0d6-59858817e42f",
            "lock_on_create": false,
            "name": "Routing Match",
            "object_id": "c68a8a00-ff54-452b-9ed0-3333a444d308",
            "required": false,
            "required_on_close": false,
            "show_on_create": false
          },
          "sensitive_attributes": [],
          "dependencies": [
            "data.elementum_category.common",
            "data.elementum_cloudlink.elementum_snowflake",
            "elementum_app.cir"
          ]
        }
      ]
    },
    {
      "mode": "managed",
      "type": "elementum_text_field",
      "name": "apps_cir_cir_signatory_emails",
      "provider": "provider[\"install.elementum.tools/elementum/elementum\"]",
      "instances": [
        {
          "schema_version": 0,
          "attributes": {
            "column_name": null,
            "default_value": null,
            "description": null,
            "field_role": null,
            "id": "3f672cce-e79e-474b-96b8-a39b262ac24d",
            "lock_on_create": false,
            "name": "Signatory emails",
            "object_id": "c68a8a00-ff54-452b-9ed0-3333a444d308",
            "required": false,
            "required_on_close": false,
            "show_on_create": false
          },
          "sensitive_attributes": [],
          "dependencies": [
            "data.elementum_category.common",
            "data.elementum_cloudlink.elementum_snowflake",
            "elementum_app.cir"
          ]
        }
      ]
    },
    {
      "mode": "managed",
      "type": "elementum_text_field",
      "name": "apps_cir_cir_supplier",
      "provider": "provider[\"install.elementum.tools/elementum/elementum\"]",
      "instances": [
        {
          "schema_version": 0,
          "attributes": {
            "column_name": null,
            "default_value": null,
            "description": null,
            "field_role": null,
            "id": "48782ea0-e78d-473b-8e34-f673b0f35d4c",
            "lock_on_create": false,
            "name": "Supplier",
            "object_id": "c68a8a00-ff54-452b-9ed0-3333a444d308",
            "required": false,
            "required_on_close": false,
            "show_on_create": false
          },
          "sensitive_attributes": [],
          "dependencies": [
            "data.elementum_category.common",
            "data.elementum_cloudlink.elementum_snowflake",
            "elementum_app.cir"
          ]
        }
      ]
    },
    {
      "mode": "managed",
      "type": "elementum_text_field",
      "name": "apps_cir_cir_threshold_source_country",
      "provider": "provider[\"install.elementum.tools/elementum/elementum\"]",
      "instances": [
        {
          "schema_version": 0,
          "attributes": {
            "column_name": null,
            "default_value": null,
            "description": null,
            "field_role": null,
            "id": "22781ed8-dba2-419f-906f-c8cc5843fef9",
            "lock_on_create": false,
            "name": "Threshold Source Country",
            "object_id": "c68a8a00-ff54-452b-9ed0-3333a444d308",
            "required": false,
            "required_on_close": false,
            "show_on_create": false
          },
          "sensitive_attributes": [],
          "dependencies": [
            "data.elementum_category.common",
            "data.elementum_cloudlink.elementum_snowflake",
            "elementum_app.cir"
          ]
        }
      ]
    },
    {
      "mode": "managed",
      "type": "elementum_text_field",
      "name": "apps_cir_cir_transcript",
      "provider": "provider[\"install.elementum.tools/elementum/elementum\"]",
      "instances": [
        {
          "schema_version": 0,
          "attributes": {
            "column_name": null,
            "default_value": null,
            "description": null,
            "field_role": null,
            "id": "1a582bc6-1f49-45f8-8f8f-95e9a6963e1e",
            "lock_on_create": false,
            "name": "Transcript",
            "object_id": "c68a8a00-ff54-452b-9ed0-3333a444d308",
            "required": false,
            "required_on_close": false,
            "show_on_create": false
          },
          "sensitive_attributes": [],
          "dependencies": [
            "data.elementum_category.common",
            "data.elementum_cloudlink.elementum_snowflake",
            "elementum_app.cir"
          ]
        }
      ]
    },
    {
      "mode": "managed",
      "type": "elementum_text_field",
      "name": "apps_cir_cir_triage_rationale",
      "provider": "provider[\"install.elementum.tools/elementum/elementum\"]",
      "instances": [
        {
          "schema_version": 0,
          "attributes": {
            "column_name": null,
            "default_value": null,
            "description": null,
            "field_role": null,
            "id": "6511ad43-00a0-4c5d-a3aa-d33475fd577d",
            "lock_on_create": false,
            "name": "Triage Rationale",
            "object_id": "c68a8a00-ff54-452b-9ed0-3333a444d308",
            "required": false,
            "required_on_close": false,
            "show_on_create": false
          },
          "sensitive_attributes": [],
          "dependencies": [
            "data.elementum_category.common",
            "data.elementum_cloudlink.elementum_snowflake",
            "elementum_app.cir"
          ]
        }
      ]
    },
    {
      "mode": "managed",
      "type": "elementum_text_field",
      "name": "elements_contracttypes_contracttypes_contract_type_code",
      "provider": "provider[\"install.elementum.tools/elementum/elementum\"]",
      "instances": [
        {
          "schema_version": 0,
          "attributes": {
            "column_name": null,
            "default_value": null,
            "description": null,
            "field_role": null,
            "id": "a546f18f-6111-4d4d-9bf2-9061067255d7",
            "lock_on_create": false,
            "name": "Contract Type Code",
            "object_id": "0dbe2374-d609-45cb-b459-325db4b00449",
            "required": false,
            "required_on_close": false,
            "show_on_create": false
          },
          "sensitive_attributes": [],
          "dependencies": [
            "data.elementum_category.common",
            "data.elementum_cloudlink.elementum_snowflake",
            "elementum_element.contracttypes"
          ]
        }
      ]
    },
    {
      "mode": "managed",
      "type": "elementum_text_field",
      "name": "elements_contracttypes_contracttypes_definition",
      "provider": "provider[\"install.elementum.tools/elementum/elementum\"]",
      "instances": [
        {
          "schema_version": 0,
          "attributes": {
            "column_name": null,
            "default_value": null,
            "description": null,
            "field_role": null,
            "id": "fc819d74-5dc9-4976-a6a8-410c12dca1b1",
            "lock_on_create": false,
            "name": "Definition",
            "object_id": "0dbe2374-d609-45cb-b459-325db4b00449",
            "required": false,
            "required_on_close": false,
            "show_on_create": false
          },
          "sensitive_attributes": [],
          "dependencies": [
            "data.elementum_category.common",
            "data.elementum_cloudlink.elementum_snowflake",
            "elementum_element.contracttypes"
          ]
        }
      ]
    },
    {
      "mode": "managed",
      "type": "elementum_user_field",
      "name": "apps_cir_cir_assignee",
      "provider": "provider[\"install.elementum.tools/elementum/elementum\"]",
      "instances": [
        {
          "schema_version": 0,
          "attributes": {
            "column_name": null,
            "default_value": null,
            "description": null,
            "field_role": null,
            "id": "fc8b01b3-d0e1-4f45-9bc7-6e70d7301e2c",
            "lock_on_create": false,
            "name": "Assignee",
            "object_id": "c68a8a00-ff54-452b-9ed0-3333a444d308",
            "required": false,
            "required_on_close": false,
            "show_on_create": false
          },
          "sensitive_attributes": [],
          "dependencies": [
            "data.elementum_category.common",
            "data.elementum_cloudlink.elementum_snowflake",
            "elementum_app.cir"
          ]
        }
      ]
    },
    {
      "mode": "managed",
      "type": "elementum_user_field",
      "name": "apps_cir_cir_l1_justification_verified_by",
      "provider": "provider[\"install.elementum.tools/elementum/elementum\"]",
      "instances": [
        {
          "schema_version": 0,
          "attributes": {
            "column_name": null,
            "default_value": null,
            "description": null,
            "field_role": null,
            "id": "6fafc70c-5e7d-421b-bf70-ad91756f461c",
            "lock_on_create": false,
            "name": "L1 Justification Verified By",
            "object_id": "c68a8a00-ff54-452b-9ed0-3333a444d308",
            "required": false,
            "required_on_close": false,
            "show_on_create": false
          },
          "sensitive_attributes": [],
          "dependencies": [
            "data.elementum_category.common",
            "data.elementum_cloudlink.elementum_snowflake",
            "elementum_app.cir"
          ]
        }
      ]
    },
    {
      "mode": "managed",
      "type": "elementum_user_field",
      "name": "apps_cir_cir_requester",
      "provider": "provider[\"install.elementum.tools/elementum/elementum\"]",
      "instances": [
        {
          "schema_version": 0,
          "attributes": {
            "column_name": null,
            "default_value": null,
            "description": null,
            "field_role": null,
            "id": "f699031d-1185-4f50-968a-c314bf97f099",
            "lock_on_create": false,
            "name": "Requester",
            "object_id": "c68a8a00-ff54-452b-9ed0-3333a444d308",
            "required": false,
            "required_on_close": false,
            "show_on_create": false
          },
          "sensitive_attributes": [],
          "dependencies": [
            "data.elementum_category.common",
            "data.elementum_cloudlink.elementum_snowflake",
            "elementum_app.cir"
          ]
        }
      ]
    }
  ],
  "check_results": null
}

